{
  "name": "cats-around-the-world",
  "version": "1.0.0",
  "lockfileVersion": 1,
  "requires": true,
  "dependencies": {
    "replicate": {
      "version": "0.14.0",
      "resolved": "https://registry.npmjs.org/replicate/-/replicate-0.14.0.tgz",
      "integrity": "sha512-joKcKHnQpgyZTg81ugUoJHXlaqsFkVJGUL2dZ8dbbkj0Zu0q/Yi0Nn7IiFxPtuR7KXdbfas8fWAlmukxtlAsiA=="
    }
  }
}
